
Microsoft Visual Studio Solution File, Format Version 12.00
# Visual Studio Version 16
VisualStudioVersion = 16.0.30002.166
MinimumVisualStudioVersion = 10.0.40219.1
Project("{FAE04EC0-301F-11D3-BF4B-00C04F79EFBC}") = "TemplateMethodDemo", "TemplateMethodDemo\TemplateMethodDemo.csproj", "{36455430-2EE8-4093-BB21-0489B281D55F}"
EndProject
Global
	GlobalSection(SolutionConfigurationPlatforms) = preSolution
		Debug|Any CPU = Debug|Any CPU
		Release|Any CPU = Release|Any CPU
	EndGlobalSection
	GlobalSection(ProjectConfigurationPlatforms) = postSolution
		{36455430-2EE8-4093-BB21-0489B281D55F}.Debug|Any CPU.ActiveCfg = Debug|Any CPU
		{36455430-2EE8-4093-BB21-0489B281D55F}.Debug|Any CPU.Build.0 = Debug|Any CPU
		{36455430-2EE8-4093-BB21-0489B281D55F}.Release|Any CPU.ActiveCfg = Release|Any CPU
		{36455430-2EE8-4093-BB21-0489B281D55F}.Release|Any CPU.Build.0 = Release|Any CPU
	EndGlobalSection
	GlobalSection(SolutionProperties) = preSolution
		HideSolutionNode = FALSE
	EndGlobalSection
	GlobalSection(ExtensibilityGlobals) = postSolution
		SolutionGuid = {C14595A5-7188-488A-8F77-8CCDB368E898}
	EndGlobalSection
EndGlobal
