
Microsoft Visual Studio Solution File, Format Version 12.00
# Visual Studio Version 16
VisualStudioVersion = 16.0.31829.152
MinimumVisualStudioVersion = 10.0.40219.1
Project("{FAE04EC0-301F-11D3-BF4B-00C04F79EFBC}") = "InternalCompositeIteratorLab", "InternalCompositeIteratorLab\InternalCompositeIteratorLab.csproj", "{90A508A0-6324-431B-BDF1-D8F09629EA51}"
EndProject
Project("{FAE04EC0-301F-11D3-BF4B-00C04F79EFBC}") = "EmployeeCollectionFall2021", "EmployeeCollectionFall2021\EmployeeCollectionFall2021.csproj", "{B0B592D7-7519-47FD-90B1-F0DF805CD3C5}"
EndProject
Project("{FAE04EC0-301F-11D3-BF4B-00C04F79EFBC}") = "InternalCompositeIteratorFallLibrary2021", "InternalCompositeIteratorFallLibrary2021\InternalCompositeIteratorFallLibrary2021.csproj", "{714463B9-BED5-4451-AA59-C3F31593E958}"
EndProject
Global
	GlobalSection(SolutionConfigurationPlatforms) = preSolution
		Debug|Any CPU = Debug|Any CPU
		Release|Any CPU = Release|Any CPU
	EndGlobalSection
	GlobalSection(ProjectConfigurationPlatforms) = postSolution
		{90A508A0-6324-431B-BDF1-D8F09629EA51}.Debug|Any CPU.ActiveCfg = Debug|Any CPU
		{90A508A0-6324-431B-BDF1-D8F09629EA51}.Debug|Any CPU.Build.0 = Debug|Any CPU
		{90A508A0-6324-431B-BDF1-D8F09629EA51}.Release|Any CPU.ActiveCfg = Release|Any CPU
		{90A508A0-6324-431B-BDF1-D8F09629EA51}.Release|Any CPU.Build.0 = Release|Any CPU
		{B0B592D7-7519-47FD-90B1-F0DF805CD3C5}.Debug|Any CPU.ActiveCfg = Debug|Any CPU
		{B0B592D7-7519-47FD-90B1-F0DF805CD3C5}.Debug|Any CPU.Build.0 = Debug|Any CPU
		{B0B592D7-7519-47FD-90B1-F0DF805CD3C5}.Release|Any CPU.ActiveCfg = Release|Any CPU
		{B0B592D7-7519-47FD-90B1-F0DF805CD3C5}.Release|Any CPU.Build.0 = Release|Any CPU
		{714463B9-BED5-4451-AA59-C3F31593E958}.Debug|Any CPU.ActiveCfg = Debug|Any CPU
		{714463B9-BED5-4451-AA59-C3F31593E958}.Debug|Any CPU.Build.0 = Debug|Any CPU
		{714463B9-BED5-4451-AA59-C3F31593E958}.Release|Any CPU.ActiveCfg = Release|Any CPU
		{714463B9-BED5-4451-AA59-C3F31593E958}.Release|Any CPU.Build.0 = Release|Any CPU
	EndGlobalSection
	GlobalSection(SolutionProperties) = preSolution
		HideSolutionNode = FALSE
	EndGlobalSection
	GlobalSection(ExtensibilityGlobals) = postSolution
		SolutionGuid = {BB8D3833-0C3E-49B5-BC36-1C83F6EBFAED}
	EndGlobalSection
EndGlobal
